// !$*UTF8*$!
{
	archiveVersion = 1;
	classes = {
	};
	objectVersion = 46;
	objects = {

/* Begin PBXBuildFile section */
		438A4451199A0278000C0B14 /* Foundation.framework in Frameworks */ = {isa = PBXBuildFile; fileRef = 438A4450199A0278000C0B14 /* Foundation.framework */; };
		438A4453199A0278000C0B14 /* CoreGraphics.framework in Frameworks */ = {isa = PBXBuildFile; fileRef = 438A4452199A0278000C0B14 /* CoreGraphics.framework */; };
		438A4455199A0278000C0B14 /* UIKit.framework in Frameworks */ = {isa = PBXBuildFile; fileRef = 438A4454199A0278000C0B14 /* UIKit.framework */; };
		438A445B199A0278000C0B14 /* InfoPlist.strings in Resources */ = {isa = PBXBuildFile; fileRef = 438A4459199A0278000C0B14 /* InfoPlist.strings */; };
		438A445D199A0278000C0B14 /* main.m in Sources */ = {isa = PBXBuildFile; fileRef = 438A445C199A0278000C0B14 /* main.m */; };
		438A4461199A0278000C0B14 /* VWAppDelegate.m in Sources */ = {isa = PBXBuildFile; fileRef = 438A4460199A0278000C0B14 /* VWAppDelegate.m */; };
		438A4464199A0278000C0B14 /* Main.storyboard in Resources */ = {isa = PBXBuildFile; fileRef = 438A4462199A0278000C0B14 /* Main.storyboard */; };
		438A4467199A0278000C0B14 /* VWViewController.m in Sources */ = {isa = PBXBuildFile; fileRef = 438A4466199A0278000C0B14 /* VWViewController.m */; };
		438A4469199A0278000C0B14 /* Images.xcassets in Resources */ = {isa = PBXBuildFile; fileRef = 438A4468199A0278000C0B14 /* Images.xcassets */; };
		438A4470199A0278000C0B14 /* XCTest.framework in Frameworks */ = {isa = PBXBuildFile; fileRef = 438A446F199A0278000C0B14 /* XCTest.framework */; };
		438A4471199A0278000C0B14 /* Foundation.framework in Frameworks */ = {isa = PBXBuildFile; fileRef = 438A4450199A0278000C0B14 /* Foundation.framework */; };
		438A4472199A0278000C0B14 /* UIKit.framework in Frameworks */ = {isa = PBXBuildFile; fileRef = 438A4454199A0278000C0B14 /* UIKit.framework */; };
		438A447A199A0278000C0B14 /* InfoPlist.strings in Resources */ = {isa = PBXBuildFile; fileRef = 438A4478199A0278000C0B14 /* InfoPlist.strings */; };
		438A447C199A0278000C0B14 /* iOS_ParseTest_2Tests.m in Sources */ = {isa = PBXBuildFile; fileRef = 438A447B199A0278000C0B14 /* iOS_ParseTest_2Tests.m */; };
/* End PBXBuildFile section */

/* Begin PBXContainerItemProxy section */
		438A4473199A0278000C0B14 /* PBXContainerItemProxy */ = {
			isa = PBXContainerItemProxy;
			containerPortal = 438A4445199A0278000C0B14 /* Project object */;
			proxyType = 1;
			remoteGlobalIDString = 438A444C199A0278000C0B14;
			remoteInfo = iOS_ParseTest_2;
		};
/* End PBXContainerItemProxy section */

/* Begin PBXFileReference section */
		438A444D199A0278000C0B14 /* iOS_ParseTest_2.app */ = {isa = PBXFileReference; explicitFileType = wrapper.application; includeInIndex = 0; path = iOS_ParseTest_2.app; sourceTree = BUILT_PRODUCTS_DIR; };
		438A4450199A0278000C0B14 /* Foundation.framework */ = {isa = PBXFileReference; lastKnownFileType = wrapper.framework; name = Foundation.framework; path = System/Library/Frameworks/Foundation.framework; sourceTree = SDKROOT; };
		438A4452199A0278000C0B14 /* CoreGraphics.framework */ = {isa = PBXFileReference; lastKnownFileType = wrapper.framework; name = CoreGraphics.framework; path = System/Library/Frameworks/CoreGraphics.framework; sourceTree = SDKROOT; };
		438A4454199A0278000C0B14 /* UIKit.framework */ = {isa = PBXFileReference; lastKnownFileType = wrapper.framework; name = UIKit.framework; path = System/Library/Frameworks/UIKit.framework; sourceTree = SDKROOT; };
		438A4458199A0278000C0B14 /* iOS_ParseTest_2-Info.plist */ = {isa = PBXFileReference; lastKnownFileType = text.plist.xml; path = "iOS_ParseTest_2-Info.plist"; sourceTree = "<group>"; };
		438A445A199A0278000C0B14 /* en */ = {isa = PBXFileReference; lastKnownFileType = text.plist.strings; name = en; path = en.lproj/InfoPlist.strings; sourceTree = "<group>"; };
		438A445C199A0278000C0B14 /* main.m */ = {isa = PBXFileReference; lastKnownFileType = sourcecode.c.objc; path = main.m; sourceTree = "<group>"; };
		438A445E199A0278000C0B14 /* iOS_ParseTest_2-Prefix.pch */ = {isa = PBXFileReference; lastKnownFileType = sourcecode.c.h; path = "iOS_ParseTest_2-Prefix.pch"; sourceTree = "<group>"; };
		438A445F199A0278000C0B14 /* VWAppDelegate.h */ = {isa = PBXFileReference; lastKnownFileType = sourcecode.c.h; path = VWAppDelegate.h; sourceTree = "<group>"; };
		438A4460199A0278000C0B14 /* VWAppDelegate.m */ = {isa = PBXFileReference; lastKnownFileType = sourcecode.c.objc; path = VWAppDelegate.m; sourceTree = "<group>"; };
		438A4463199A0278000C0B14 /* Base */ = {isa = PBXFileReference; lastKnownFileType = file.storyboard; name = Base; path = Base.lproj/Main.storyboard; sourceTree = "<group>"; };
		438A4465199A0278000C0B14 /* VWViewController.h */ = {isa = PBXFileReference; lastKnownFileType = sourcecode.c.h; path = VWViewController.h; sourceTree = "<group>"; };
		438A4466199A0278000C0B14 /* VWViewController.m */ = {isa = PBXFileReference; lastKnownFileType = sourcecode.c.objc; path = VWViewController.m; sourceTree = "<group>"; };
		438A4468199A0278000C0B14 /* Images.xcassets */ = {isa = PBXFileReference; lastKnownFileType = folder.assetcatalog; path = Images.xcassets; sourceTree = "<group>"; };
		438A446E199A0278000C0B14 /* iOS_ParseTest_2Tests.xctest */ = {isa = PBXFileReference; explicitFileType = wrapper.cfbundle; includeInIndex = 0; path = iOS_ParseTest_2Tests.xctest; sourceTree = BUILT_PRODUCTS_DIR; };
		438A446F199A0278000C0B14 /* XCTest.framework */ = {isa = PBXFileReference; lastKnownFileType = wrapper.framework; name = XCTest.framework; path = Library/Frameworks/XCTest.framework; sourceTree = DEVELOPER_DIR; };
		438A4477199A0278000C0B14 /* iOS_ParseTest_2Tests-Info.plist */ = {isa = PBXFileReference; lastKnownFileType = text.plist.xml; path = "iOS_ParseTest_2Tests-Info.plist"; sourceTree = "<group>"; };
		438A4479199A0278000C0B14 /* en */ = {isa = PBXFileReference; lastKnownFileType = text.plist.strings; name = en; path = en.lproj/InfoPlist.strings; sourceTree = "<group>"; };
		438A447B199A0278000C0B14 /* iOS_ParseTest_2Tests.m */ = {isa = PBXFileReference; lastKnownFileType = sourcecode.c.objc; path = iOS_ParseTest_2Tests.m; sourceTree = "<group>"; };
/* End PBXFileReference section */

/* Begin PBXFrameworksBuildPhase section */
		438A444A199A0278000C0B14 /* Frameworks */ = {
			isa = PBXFrameworksBuildPhase;
			buildActionMask = 2147483647;
			files = (
				438A4453199A0278000C0B14 /* CoreGraphics.framework in Frameworks */,
				438A4455199A0278000C0B14 /* UIKit.framework in Frameworks */,
				438A4451199A0278000C0B14 /* Foundation.framework in Frameworks */,
			);
			runOnlyForDeploymentPostprocessing = 0;
		};
		438A446B199A0278000C0B14 /* Frameworks */ = {
			isa = PBXFrameworksBuildPhase;
			buildActionMask = 2147483647;
			files = (
				438A4470199A0278000C0B14 /* XCTest.framework in Frameworks */,
				438A4472199A0278000C0B14 /* UIKit.framework in Frameworks */,
				438A4471199A0278000C0B14 /* Foundation.framework in Frameworks */,
			);
			runOnlyForDeploymentPostprocessing = 0;
		};
/* End PBXFrameworksBuildPhase section */

/* Begin PBXGroup section */
		438A4444199A0278000C0B14 = {
			isa = PBXGroup;
			children = (
				438A4456199A0278000C0B14 /* iOS_ParseTest_2 */,
				438A4475199A0278000C0B14 /* iOS_ParseTest_2Tests */,
				438A444F199A0278000C0B14 /* Frameworks */,
				438A444E199A0278000C0B14 /* Products */,
			);
			sourceTree = "<group>";
		};
		438A444E199A0278000C0B14 /* Products */ = {
			isa = PBXGroup;
			children = (
				438A444D199A0278000C0B14 /* iOS_ParseTest_2.app */,
				438A446E199A0278000C0B14 /* iOS_ParseTest_2Tests.xctest */,
			);
			name = Products;
			sourceTree = "<group>";
		};
		438A444F199A0278000C0B14 /* Frameworks */ = {
			isa = PBXGroup;
			children = (
				438A4450199A0278000C0B14 /* Foundation.framework */,
				438A4452199A0278000C0B14 /* CoreGraphics.framework */,
				438A4454199A0278000C0B14 /* UIKit.framework */,
				438A446F199A0278000C0B14 /* XCTest.framework */,
			);
			name = Frameworks;
			sourceTree = "<group>";
		};
		438A4456199A0278000C0B14 /* iOS_ParseTest_2 */ = {
			isa = PBXGroup;
			children = (
				438A445F199A0278000C0B14 /* VWAppDelegate.h */,
				438A4460199A0278000C0B14 /* VWAppDelegate.m */,
				438A4462199A0278000C0B14 /* Main.storyboard */,
				438A4465199A0278000C0B14 /* VWViewController.h */,
				438A4466199A0278000C0B14 /* VWViewController.m */,
				438A4468199A0278000C0B14 /* Images.xcassets */,
				438A4457199A0278000C0B14 /* Supporting Files */,
			);
			path = iOS_ParseTest_2;
			sourceTree = "<group>";
		};
		438A4457199A0278000C0B14 /* Supporting Files */ = {
			isa = PBXGroup;
			children = (
				438A4458199A0278000C0B14 /* iOS_ParseTest_2-Info.plist */,
				438A4459199A0278000C0B14 /* InfoPlist.strings */,
				438A445C199A0278000C0B14 /* main.m */,
				438A445E199A0278000C0B14 /* iOS_ParseTest_2-Prefix.pch */,
			);
			name = "Supporting Files";
			sourceTree = "<group>";
		};
		438A4475199A0278000C0B14 /* iOS_ParseTest_2Tests */ = {
			isa = PBXGroup;
			children = (
				438A447B199A0278000C0B14 /* iOS_ParseTest_2Tests.m */,
				438A4476199A0278000C0B14 /* Supporting Files */,
			);
			path = iOS_ParseTest_2Tests;
			sourceTree = "<group>";
		};
		438A4476199A0278000C0B14 /* Supporting Files */ = {
			isa = PBXGroup;
			children = (
				438A4477199A0278000C0B14 /* iOS_ParseTest_2Tests-Info.plist */,
				438A4478199A0278000C0B14 /* InfoPlist.strings */,
			);
			name = "Supporting Files";
			sourceTree = "<group>";
		};
/* End PBXGroup section */

/* Begin PBXNativeTarget section */
		438A444C199A0278000C0B14 /* iOS_ParseTest_2 */ = {
			isa = PBXNativeTarget;
			buildConfigurationList = 438A447F199A0278000C0B14 /* Build configuration list for PBXNativeTarget "iOS_ParseTest_2" */;
			buildPhases = (
				438A4449199A0278000C0B14 /* Sources */,
				438A444A199A0278000C0B14 /* Frameworks */,
				438A444B199A0278000C0B14 /* Resources */,
			);
			buildRules = (
			);
			dependencies = (
			);
			name = iOS_ParseTest_2;
			productName = iOS_ParseTest_2;
			productReference = 438A444D199A0278000C0B14 /* iOS_ParseTest_2.app */;
			productType = "com.apple.product-type.application";
		};
		438A446D199A0278000C0B14 /* iOS_ParseTest_2Tests */ = {
			isa = PBXNativeTarget;
			buildConfigurationList = 438A4482199A0278000C0B14 /* Build configuration list for PBXNativeTarget "iOS_ParseTest_2Tests" */;
			buildPhases = (
				438A446A199A0278000C0B14 /* Sources */,
				438A446B199A0278000C0B14 /* Frameworks */,
				438A446C199A0278000C0B14 /* Resources */,
			);
			buildRules = (
			);
			dependencies = (
				438A4474199A0278000C0B14 /* PBXTargetDependency */,
			);
			name = iOS_ParseTest_2Tests;
			productName = iOS_ParseTest_2Tests;
			productReference = 438A446E199A0278000C0B14 /* iOS_ParseTest_2Tests.xctest */;
			productType = "com.apple.product-type.bundle.unit-test";
		};
/* End PBXNativeTarget section */

/* Begin PBXProject section */
		438A4445199A0278000C0B14 /* Project object */ = {
			isa = PBXProject;
			attributes = {
				CLASSPREFIX = VW;
				LastUpgradeCheck = 0510;
				ORGANIZATIONNAME = VW;
				TargetAttributes = {
					438A446D199A0278000C0B14 = {
						TestTargetID = 438A444C199A0278000C0B14;
					};
				};
			};
			buildConfigurationList = 438A4448199A0278000C0B14 /* Build configuration list for PBXProject "iOS_ParseTest_2" */;
			compatibilityVersion = "Xcode 3.2";
			developmentRegion = English;
			hasScannedForEncodings = 0;
			knownRegions = (
				en,
				Base,
			);
			mainGroup = 438A4444199A0278000C0B14;
			productRefGroup = 438A444E199A0278000C0B14 /* Products */;
			projectDirPath = "";
			projectRoot = "";
			targets = (
				438A444C199A0278000C0B14 /* iOS_ParseTest_2 */,
				438A446D199A0278000C0B14 /* iOS_ParseTest_2Tests */,
			);
		};
/* End PBXProject section */

/* Begin PBXResourcesBuildPhase section */
		438A444B199A0278000C0B14 /* Resources */ = {
			isa = PBXResourcesBuildPhase;
			buildActionMask = 2147483647;
			files = (
				438A4469199A0278000C0B14 /* Images.xcassets in Resources */,
				438A445B199A0278000C0B14 /* InfoPlist.strings in Resources */,
				438A4464199A0278000C0B14 /* Main.storyboard in Resources */,
			);
			runOnlyForDeploymentPostprocessing = 0;
		};
		438A446C199A0278000C0B14 /* Resources */ = {
			isa = PBXResourcesBuildPhase;
			buildActionMask = 2147483647;
			files = (
				438A447A199A0278000C0B14 /* InfoPlist.strings in Resources */,
			);
			runOnlyForDeploymentPostprocessing = 0;
		};
/* End PBXResourcesBuildPhase section */

/* Begin PBXSourcesBuildPhase section */
		438A4449199A0278000C0B14 /* Sources */ = {
			isa = PBXSourcesBuildPhase;
			buildActionMask = 2147483647;
			files = (
				438A4467199A0278000C0B14 /* VWViewController.m in Sources */,
				438A445D199A0278000C0B14 /* main.m in Sources */,
				438A4461199A0278000C0B14 /* VWAppDelegate.m in Sources */,
			);
			runOnlyForDeploymentPostprocessing = 0;
		};
		438A446A199A0278000C0B14 /* Sources */ = {
			isa = PBXSourcesBuildPhase;
			buildActionMask = 2147483647;
			files = (
				438A447C199A0278000C0B14 /* iOS_ParseTest_2Tests.m in Sources */,
			);
			runOnlyForDeploymentPostprocessing = 0;
		};
/* End PBXSourcesBuildPhase section */

/* Begin PBXTargetDependency section */
		438A4474199A0278000C0B14 /* PBXTargetDependency */ = {
			isa = PBXTargetDependency;
			target = 438A444C199A0278000C0B14 /* iOS_ParseTest_2 */;
			targetProxy = 438A4473199A0278000C0B14 /* PBXContainerItemProxy */;
		};
/* End PBXTargetDependency section */

/* Begin PBXVariantGroup section */
		438A4459199A0278000C0B14 /* InfoPlist.strings */ = {
			isa = PBXVariantGroup;
			children = (
				438A445A199A0278000C0B14 /* en */,
			);
			name = InfoPlist.strings;
			sourceTree = "<group>";
		};
		438A4462199A0278000C0B14 /* Main.storyboard */ = {
			isa = PBXVariantGroup;
			children = (
				438A4463199A0278000C0B14 /* Base */,
			);
			name = Main.storyboard;
			sourceTree = "<group>";
		};
		438A4478199A0278000C0B14 /* InfoPlist.strings */ = {
			isa = PBXVariantGroup;
			children = (
				438A4479199A0278000C0B14 /* en */,
			);
			name = InfoPlist.strings;
			sourceTree = "<group>";
		};
/* End PBXVariantGroup section */

/* Begin XCBuildConfiguration section */
		438A447D199A0278000C0B14 /* Debug */ = {
			isa = XCBuildConfiguration;
			buildSettings = {
				ALWAYS_SEARCH_USER_PATHS = NO;
				CLANG_CXX_LANGUAGE_STANDARD = "gnu++0x";
				CLANG_CXX_LIBRARY = "libc++";
				CLANG_ENABLE_MODULES = YES;
				CLANG_ENABLE_OBJC_ARC = YES;
				CLANG_WARN_BOOL_CONVERSION = YES;
				CLANG_WARN_CONSTANT_CONVERSION = YES;
				CLANG_WARN_DIRECT_OBJC_ISA_USAGE = YES_ERROR;
				CLANG_WARN_EMPTY_BODY = YES;
				CLANG_WARN_ENUM_CONVERSION = YES;
				CLANG_WARN_INT_CONVERSION = YES;
				CLANG_WARN_OBJC_ROOT_CLASS = YES_ERROR;
				CLANG_WARN__DUPLICATE_METHOD_MATCH = YES;
				"CODE_SIGN_IDENTITY[sdk=iphoneos*]" = "iPhone Developer";
				COPY_PHASE_STRIP = NO;
				GCC_C_LANGUAGE_STANDARD = gnu99;
				GCC_DYNAMIC_NO_PIC = NO;
				GCC_OPTIMIZATION_LEVEL = 0;
				GCC_PREPROCESSOR_DEFINITIONS = (
					"DEBUG=1",
					"$(inherited)",
				);
				GCC_SYMBOLS_PRIVATE_EXTERN = NO;
				GCC_WARN_64_TO_32_BIT_CONVERSION = YES;
				GCC_WARN_ABOUT_RETURN_TYPE = YES_ERROR;
				GCC_WARN_UNDECLARED_SELECTOR = YES;
				GCC_WARN_UNINITIALIZED_AUTOS = YES_AGGRESSIVE;
				GCC_WARN_UNUSED_FUNCTION = YES;
				GCC_WARN_UNUSED_VARIABLE = YES;
				IPHONEOS_DEPLOYMENT_TARGET = 7.1;
				ONLY_ACTIVE_ARCH = YES;
				SDKROOT = iphoneos;
			};
			name = Debug;
		};
		438A447E199A0278000C0B14 /* Release */ = {
			isa = XCBuildConfiguration;
			buildSettings = {
				ALWAYS_SEARCH_USER_PATHS = NO;
				CLANG_CXX_LANGUAGE_STANDARD = "gnu++0x";
				CLANG_CXX_LIBRARY = "libc++";
				CLANG_ENABLE_MODULES = YES;
				CLANG_ENABLE_OBJC_ARC = YES;
				CLANG_WARN_BOOL_CONVERSION = YES;
				CLANG_WARN_CONSTANT_CONVERSION = YES;
				CLANG_WARN_DIRECT_OBJC_ISA_USAGE = YES_ERROR;
				CLANG_WARN_EMPTY_BODY = YES;
				CLANG_WARN_ENUM_CONVERSION = YES;
				CLANG_WARN_INT_CONVERSION = YES;
				CLANG_WARN_OBJC_ROOT_CLASS = YES_ERROR;
				CLANG_WARN__DUPLICATE_METHOD_MATCH = YES;
				"CODE_SIGN_IDENTITY[sdk=iphoneos*]" = "iPhone Developer";
				COPY_PHASE_STRIP = YES;
				ENABLE_NS_ASSERTIONS = NO;
				GCC_C_LANGUAGE_STANDARD = gnu99;
				GCC_WARN_64_TO_32_BIT_CONVERSION = YES;
				GCC_WARN_ABOUT_RETURN_TYPE = YES_ERROR;
				GCC_WARN_UNDECLARED_SELECTOR = YES;
				GCC_WARN_UNINITIALIZED_AUTOS = YES_AGGRESSIVE;
				GCC_WARN_UNUSED_FUNCTION = YES;
				GCC_WARN_UNUSED_VARIABLE = YES;
				IPHONEOS_DEPLOYMENT_TARGET = 7.1;
				SDKROOT = iphoneos;
				VALIDATE_PRODUCT = YES;
			};
			name = Release;
		};
		438A4480199A0278000C0B14 /* Debug */ = {
			isa = XCBuildConfiguration;
			buildSettings = {
				ASSETCATALOG_COMPILER_APPICON_NAME = AppIcon;
				ASSETCATALOG_COMPILER_LAUNCHIMAGE_NAME = LaunchImage;
				GCC_PRECOMPILE_PREFIX_HEADER = YES;
				GCC_PREFIX_HEADER = "iOS_ParseTest_2/iOS_ParseTest_2-Prefix.pch";
				INFOPLIST_FILE = "iOS_ParseTest_2/iOS_ParseTest_2-Info.plist";
				PRODUCT_NAME = "$(TARGET_NAME)";
				WRAPPER_EXTENSION = app;
			};
			name = Debug;
		};
		438A4481199A0278000C0B14 /* Release */ = {
			isa = XCBuildConfiguration;
			buildSettings = {
				ASSETCATALOG_COMPILER_APPICON_NAME = AppIcon;
				ASSETCATALOG_COMPILER_LAUNCHIMAGE_NAME = LaunchImage;
				GCC_PRECOMPILE_PREFIX_HEADER = YES;
				GCC_PREFIX_HEADER = "iOS_ParseTest_2/iOS_ParseTest_2-Prefix.pch";
				INFOPLIST_FILE = "iOS_ParseTest_2/iOS_ParseTest_2-Info.plist";
				PRODUCT_NAME = "$(TARGET_NAME)";
				WRAPPER_EXTENSION = app;
			};
			name = Release;
		};
		438A4483199A0278000C0B14 /* Debug */ = {
			isa = XCBuildConfiguration;
			buildSettings = {
				BUNDLE_LOADER = "$(BUILT_PRODUCTS_DIR)/iOS_ParseTest_2.app/iOS_ParseTest_2";
				FRAMEWORK_SEARCH_PATHS = (
					"$(SDKROOT)/Developer/Library/Frameworks",
					"$(inherited)",
					"$(DEVELOPER_FRAMEWORKS_DIR)",
				);
				GCC_PRECOMPILE_PREFIX_HEADER = YES;
				GCC_PREFIX_HEADER = "iOS_ParseTest_2/iOS_ParseTest_2-Prefix.pch";
				GCC_PREPROCESSOR_DEFINITIONS = (
					"DEBUG=1",
					"$(inherited)",
				);
				INFOPLIST_FILE = "iOS_ParseTest_2Tests/iOS_ParseTest_2Tests-Info.plist";
				PRODUCT_NAME = "$(TARGET_NAME)";
				TEST_HOST = "$(BUNDLE_LOADER)";
				WRAPPER_EXTENSION = xctest;
			};
			name = Debug;
		};
		438A4484199A0278000C0B14 /* Release */ = {
			isa = XCBuildConfiguration;
			buildSettings = {
				BUNDLE_LOADER = "$(BUILT_PRODUCTS_DIR)/iOS_ParseTest_2.app/iOS_ParseTest_2";
				FRAMEWORK_SEARCH_PATHS = (
					"$(SDKROOT)/Developer/Library/Frameworks",
					"$(inherited)",
					"$(DEVELOPER_FRAMEWORKS_DIR)",
				);
				GCC_PRECOMPILE_PREFIX_HEADER = YES;
				GCC_PREFIX_HEADER = "iOS_ParseTest_2/iOS_ParseTest_2-Prefix.pch";
				INFOPLIST_FILE = "iOS_ParseTest_2Tests/iOS_ParseTest_2Tests-Info.plist";
				PRODUCT_NAME = "$(TARGET_NAME)";
				TEST_HOST = "$(BUNDLE_LOADER)";
				WRAPPER_EXTENSION = xctest;
			};
			name = Release;
		};
/* End XCBuildConfiguration section */

/* Begin XCConfigurationList section */
		438A4448199A0278000C0B14 /* Build configuration list for PBXProject "iOS_ParseTest_2" */ = {
			isa = XCConfigurationList;
			buildConfigurations = (
				438A447D199A0278000C0B14 /* Debug */,
				438A447E199A0278000C0B14 /* Release */,
			);
			defaultConfigurationIsVisible = 0;
			defaultConfigurationName = Release;
		};
		438A447F199A0278000C0B14 /* Build configuration list for PBXNativeTarget "iOS_ParseTest_2" */ = {
			isa = XCConfigurationList;
			buildConfigurations = (
				438A4480199A0278000C0B14 /* Debug */,
				438A4481199A0278000C0B14 /* Release */,
			);
			defaultConfigurationIsVisible = 0;
		};
		438A4482199A0278000C0B14 /* Build configuration list for PBXNativeTarget "iOS_ParseTest_2Tests" */ = {
			isa = XCConfigurationList;
			buildConfigurations = (
				438A4483199A0278000C0B14 /* Debug */,
				438A4484199A0278000C0B14 /* Release */,
			);
			defaultConfigurationIsVisible = 0;
		};
/* End XCConfigurationList section */
	};
	rootObject = 438A4445199A0278000C0B14 /* Project object */;
}
